
Microsoft Visual Studio Solution File, Format Version 12.00
# Visual Studio Version 16
VisualStudioVersion = 16.0.30104.148
MinimumVisualStudioVersion = 10.0.40219.1
Project("{9092AA53-FB77-4645-B42D-1CCCA6BD08BD}") = "elizebet", "elizebet\elizebet.njsproj", "{6A432D3C-5617-4FE4-B0EC-758F3C927C09}"
EndProject
Global
	GlobalSection(SolutionConfigurationPlatforms) = preSolution
		Debug|Any CPU = Debug|Any CPU
		Release|Any CPU = Release|Any CPU
	EndGlobalSection
	GlobalSection(ProjectConfigurationPlatforms) = postSolution
		{6A432D3C-5617-4FE4-B0EC-758F3C927C09}.Debug|Any CPU.ActiveCfg = Debug|Any CPU
		{6A432D3C-5617-4FE4-B0EC-758F3C927C09}.Debug|Any CPU.Build.0 = Debug|Any CPU
		{6A432D3C-5617-4FE4-B0EC-758F3C927C09}.Release|Any CPU.ActiveCfg = Release|Any CPU
		{6A432D3C-5617-4FE4-B0EC-758F3C927C09}.Release|Any CPU.Build.0 = Release|Any CPU
	EndGlobalSection
	GlobalSection(SolutionProperties) = preSolution
		HideSolutionNode = FALSE
	EndGlobalSection
	GlobalSection(ExtensibilityGlobals) = postSolution
		SolutionGuid = {2FE75BE4-1D50-475C-9D61-645AF5FA4772}
	EndGlobalSection
EndGlobal
